
Microsoft Visual Studio Solution File, Format Version 9.00
# Visual Studio 2005
Project("{8BC9CEB8-8B4A-11D0-8D11-00A0C91BC942}") = "KDSManager", "KDSManager\KDSManager.vcproj", "{C157DCFF-82F5-4B45-A09A-9CE4A99BF6A4}"
EndProject
Global
	GlobalSection(SolutionConfigurationPlatforms) = preSolution
		Debug|Win32 = Debug|Win32
		Release|Win32 = Release|Win32
	EndGlobalSection
	GlobalSection(ProjectConfigurationPlatforms) = postSolution
		{C157DCFF-82F5-4B45-A09A-9CE4A99BF6A4}.Debug|Win32.ActiveCfg = Debug|Win32
		{C157DCFF-82F5-4B45-A09A-9CE4A99BF6A4}.Debug|Win32.Build.0 = Debug|Win32
		{C157DCFF-82F5-4B45-A09A-9CE4A99BF6A4}.Release|Win32.ActiveCfg = Release|Win32
		{C157DCFF-82F5-4B45-A09A-9CE4A99BF6A4}.Release|Win32.Build.0 = Release|Win32
	EndGlobalSection
	GlobalSection(SolutionProperties) = preSolution
		HideSolutionNode = FALSE
	EndGlobalSection
EndGlobal
